// !$*UTF8*$!
{
	archiveVersion = 1;
	classes = {
	};
	objectVersion = 46;
	objects = {

/* Begin PBXBuildFile section */
		33113A1D1B309B3300F87275 /* TextBox.swift in Sources */ = {isa = PBXBuildFile; fileRef = 33113A1C1B309B3300F87275 /* TextBox.swift */; };
		331672AE1B33EA1000907980 /* CountryHelper.swift in Sources */ = {isa = PBXBuildFile; fileRef = 331672AD1B33EA1000907980 /* CountryHelper.swift */; };
		331672B01B354AE400907980 /* OtherPlaces.swift in Sources */ = {isa = PBXBuildFile; fileRef = 331672AF1B354AE400907980 /* OtherPlaces.swift */; };
		335201BC1B2AADDC004718B0 /* SignUp3ViewController.swift in Sources */ = {isa = PBXBuildFile; fileRef = 335201BB1B2AADDC004718B0 /* SignUp3ViewController.swift */; };
		335201BE1B2AAE05004718B0 /* SignUp4ViewController.swift in Sources */ = {isa = PBXBuildFile; fileRef = 335201BD1B2AAE05004718B0 /* SignUp4ViewController.swift */; };
		3368AD331B31089800F7D9CA /* Segments.swift in Sources */ = {isa = PBXBuildFile; fileRef = 3368AD321B31089800F7D9CA /* Segments.swift */; };
		3368AD381B31146200F7D9CA /* UISegmentedControl+Resize.m in Sources */ = {isa = PBXBuildFile; fileRef = 3368AD371B31146200F7D9CA /* UISegmentedControl+Resize.m */; };
		33731D331B3128D2009814EE /* ControlsConfig.swift in Sources */ = {isa = PBXBuildFile; fileRef = 33731D321B3128D2009814EE /* ControlsConfig.swift */; };
		33731D351B314B13009814EE /* LanguageHelper.swift in Sources */ = {isa = PBXBuildFile; fileRef = 33731D341B314B13009814EE /* LanguageHelper.swift */; };
		33731D381B315328009814EE /* Extensions.swift in Sources */ = {isa = PBXBuildFile; fileRef = 33731D371B315328009814EE /* Extensions.swift */; };
		33BB11A81B35DD4B00F90F4C /* InputPopoverVC.swift in Sources */ = {isa = PBXBuildFile; fileRef = 33BB11A71B35DD4B00F90F4C /* InputPopoverVC.swift */; };
		33BB11AA1B3606C600F90F4C /* NotifyingNavigationController.swift in Sources */ = {isa = PBXBuildFile; fileRef = 33BB11A91B3606C600F90F4C /* NotifyingNavigationController.swift */; };
		33F133A41B294D4400CED73C /* AppDelegate.swift in Sources */ = {isa = PBXBuildFile; fileRef = 33F133A31B294D4400CED73C /* AppDelegate.swift */; };
		33F133A61B294D4400CED73C /* LoginViewController.swift in Sources */ = {isa = PBXBuildFile; fileRef = 33F133A51B294D4400CED73C /* LoginViewController.swift */; };
		33F133AB1B294D4500CED73C /* Images.xcassets in Resources */ = {isa = PBXBuildFile; fileRef = 33F133AA1B294D4500CED73C /* Images.xcassets */; };
		33F133AE1B294D4500CED73C /* LaunchScreen.xib in Resources */ = {isa = PBXBuildFile; fileRef = 33F133AC1B294D4500CED73C /* LaunchScreen.xib */; };
		33F133C41B29681800CED73C /* SignUp1ViewController.swift in Sources */ = {isa = PBXBuildFile; fileRef = 33F133C31B29681800CED73C /* SignUp1ViewController.swift */; };
		33F133C91B29C53E00CED73C /* Main.storyboard in Resources */ = {isa = PBXBuildFile; fileRef = 33F133C71B29C53E00CED73C /* Main.storyboard */; };
		33F133CB1B2AAD4900CED73C /* SignUp2ViewController.swift in Sources */ = {isa = PBXBuildFile; fileRef = 33F133CA1B2AAD4900CED73C /* SignUp2ViewController.swift */; };
		33F140881B39B85600D55770 /* Corpus.swift in Sources */ = {isa = PBXBuildFile; fileRef = 33F140871B39B85600D55770 /* Corpus.swift */; };
		33F1408A1B39C68400D55770 /* MinimalPairs.txt in Resources */ = {isa = PBXBuildFile; fileRef = 33F140891B39C68400D55770 /* MinimalPairs.txt */; };
		33F3D92D1B37581800F5FE4D /* TermsViewController.swift in Sources */ = {isa = PBXBuildFile; fileRef = 33F3D92C1B37581800F5FE4D /* TermsViewController.swift */; };
		33F3D92F1B375B0400F5FE4D /* SimpleCheckbox.swift in Sources */ = {isa = PBXBuildFile; fileRef = 33F3D92E1B375B0400F5FE4D /* SimpleCheckbox.swift */; };
		33F3D9321B376F5F00F5FE4D /* Consent.pdf in Resources */ = {isa = PBXBuildFile; fileRef = 33F3D9311B376F5F00F5FE4D /* Consent.pdf */; };
		33F3D9381B378B8F00F5FE4D /* PromptManager.swift in Sources */ = {isa = PBXBuildFile; fileRef = 33F3D9371B378B8F00F5FE4D /* PromptManager.swift */; };
		33F3D93C1B37E16400F5FE4D /* Webservice.swift in Sources */ = {isa = PBXBuildFile; fileRef = 33F3D93B1B37E16400F5FE4D /* Webservice.swift */; };
		33F3D93E1B37EEC500F5FE4D /* DashboardVC.swift in Sources */ = {isa = PBXBuildFile; fileRef = 33F3D93D1B37EEC500F5FE4D /* DashboardVC.swift */; };
/* End PBXBuildFile section */

/* Begin PBXFileReference section */
		33113A1C1B309B3300F87275 /* TextBox.swift */ = {isa = PBXFileReference; fileEncoding = 4; lastKnownFileType = sourcecode.swift; path = TextBox.swift; sourceTree = "<group>"; };
		331672AD1B33EA1000907980 /* CountryHelper.swift */ = {isa = PBXFileReference; fileEncoding = 4; lastKnownFileType = sourcecode.swift; path = CountryHelper.swift; sourceTree = "<group>"; };
		331672AF1B354AE400907980 /* OtherPlaces.swift */ = {isa = PBXFileReference; fileEncoding = 4; lastKnownFileType = sourcecode.swift; path = OtherPlaces.swift; sourceTree = "<group>"; };
		335201BB1B2AADDC004718B0 /* SignUp3ViewController.swift */ = {isa = PBXFileReference; fileEncoding = 4; lastKnownFileType = sourcecode.swift; path = SignUp3ViewController.swift; sourceTree = "<group>"; };
		335201BD1B2AAE05004718B0 /* SignUp4ViewController.swift */ = {isa = PBXFileReference; fileEncoding = 4; lastKnownFileType = sourcecode.swift; path = SignUp4ViewController.swift; sourceTree = "<group>"; };
		3368AD321B31089800F7D9CA /* Segments.swift */ = {isa = PBXFileReference; fileEncoding = 4; lastKnownFileType = sourcecode.swift; path = Segments.swift; sourceTree = "<group>"; };
		3368AD351B31146100F7D9CA /* jajko-Bridging-Header.h */ = {isa = PBXFileReference; lastKnownFileType = sourcecode.c.h; path = "jajko-Bridging-Header.h"; sourceTree = "<group>"; };
		3368AD361B31146200F7D9CA /* UISegmentedControl+Resize.h */ = {isa = PBXFileReference; fileEncoding = 4; lastKnownFileType = sourcecode.c.h; path = "UISegmentedControl+Resize.h"; sourceTree = "<group>"; };
		3368AD371B31146200F7D9CA /* UISegmentedControl+Resize.m */ = {isa = PBXFileReference; fileEncoding = 4; lastKnownFileType = sourcecode.c.objc; path = "UISegmentedControl+Resize.m"; sourceTree = "<group>"; };
		33731D321B3128D2009814EE /* ControlsConfig.swift */ = {isa = PBXFileReference; fileEncoding = 4; lastKnownFileType = sourcecode.swift; path = ControlsConfig.swift; sourceTree = "<group>"; };
		33731D341B314B13009814EE /* LanguageHelper.swift */ = {isa = PBXFileReference; fileEncoding = 4; lastKnownFileType = sourcecode.swift; path = LanguageHelper.swift; sourceTree = "<group>"; };
		33731D371B315328009814EE /* Extensions.swift */ = {isa = PBXFileReference; fileEncoding = 4; lastKnownFileType = sourcecode.swift; path = Extensions.swift; sourceTree = "<group>"; };
		33BB11A71B35DD4B00F90F4C /* InputPopoverVC.swift */ = {isa = PBXFileReference; fileEncoding = 4; lastKnownFileType = sourcecode.swift; path = InputPopoverVC.swift; sourceTree = "<group>"; };
		33BB11A91B3606C600F90F4C /* NotifyingNavigationController.swift */ = {isa = PBXFileReference; fileEncoding = 4; lastKnownFileType = sourcecode.swift; path = NotifyingNavigationController.swift; sourceTree = "<group>"; };
		33F1339E1B294D4400CED73C /* jajko.app */ = {isa = PBXFileReference; explicitFileType = wrapper.application; includeInIndex = 0; path = jajko.app; sourceTree = BUILT_PRODUCTS_DIR; };
		33F133A21B294D4400CED73C /* Info.plist */ = {isa = PBXFileReference; lastKnownFileType = text.plist.xml; path = Info.plist; sourceTree = "<group>"; };
		33F133A31B294D4400CED73C /* AppDelegate.swift */ = {isa = PBXFileReference; lastKnownFileType = sourcecode.swift; path = AppDelegate.swift; sourceTree = "<group>"; };
		33F133A51B294D4400CED73C /* LoginViewController.swift */ = {isa = PBXFileReference; lastKnownFileType = sourcecode.swift; path = LoginViewController.swift; sourceTree = "<group>"; };
		33F133AA1B294D4500CED73C /* Images.xcassets */ = {isa = PBXFileReference; lastKnownFileType = folder.assetcatalog; path = Images.xcassets; sourceTree = "<group>"; };
		33F133AD1B294D4500CED73C /* Base */ = {isa = PBXFileReference; lastKnownFileType = file.xib; name = Base; path = Base.lproj/LaunchScreen.xib; sourceTree = "<group>"; };
		33F133C31B29681800CED73C /* SignUp1ViewController.swift */ = {isa = PBXFileReference; fileEncoding = 4; lastKnownFileType = sourcecode.swift; path = SignUp1ViewController.swift; sourceTree = "<group>"; };
		33F133C81B29C53E00CED73C /* Base */ = {isa = PBXFileReference; lastKnownFileType = file.storyboard; name = Base; path = Base.lproj/Main.storyboard; sourceTree = "<group>"; };
		33F133CA1B2AAD4900CED73C /* SignUp2ViewController.swift */ = {isa = PBXFileReference; fileEncoding = 4; lastKnownFileType = sourcecode.swift; path = SignUp2ViewController.swift; sourceTree = "<group>"; };
		33F140871B39B85600D55770 /* Corpus.swift */ = {isa = PBXFileReference; fileEncoding = 4; lastKnownFileType = sourcecode.swift; path = Corpus.swift; sourceTree = "<group>"; };
		33F140891B39C68400D55770 /* MinimalPairs.txt */ = {isa = PBXFileReference; fileEncoding = 4; lastKnownFileType = text; name = MinimalPairs.txt; path = Assets/MinimalPairs.txt; sourceTree = "<group>"; };
		33F3D92C1B37581800F5FE4D /* TermsViewController.swift */ = {isa = PBXFileReference; fileEncoding = 4; lastKnownFileType = sourcecode.swift; path = TermsViewController.swift; sourceTree = "<group>"; };
		33F3D92E1B375B0400F5FE4D /* SimpleCheckbox.swift */ = {isa = PBXFileReference; fileEncoding = 4; lastKnownFileType = sourcecode.swift; path = SimpleCheckbox.swift; sourceTree = "<group>"; };
		33F3D9311B376F5F00F5FE4D /* Consent.pdf */ = {isa = PBXFileReference; lastKnownFileType = image.pdf; name = Consent.pdf; path = Assets/Consent.pdf; sourceTree = "<group>"; };
		33F3D9371B378B8F00F5FE4D /* PromptManager.swift */ = {isa = PBXFileReference; fileEncoding = 4; lastKnownFileType = sourcecode.swift; path = PromptManager.swift; sourceTree = "<group>"; };
		33F3D93B1B37E16400F5FE4D /* Webservice.swift */ = {isa = PBXFileReference; fileEncoding = 4; lastKnownFileType = sourcecode.swift; path = Webservice.swift; sourceTree = "<group>"; };
		33F3D93D1B37EEC500F5FE4D /* DashboardVC.swift */ = {isa = PBXFileReference; fileEncoding = 4; lastKnownFileType = sourcecode.swift; path = DashboardVC.swift; sourceTree = "<group>"; };
/* End PBXFileReference section */

/* Begin PBXFrameworksBuildPhase section */
		33F1339B1B294D4400CED73C /* Frameworks */ = {
			isa = PBXFrameworksBuildPhase;
			buildActionMask = 2147483647;
			files = (
			);
			runOnlyForDeploymentPostprocessing = 0;
		};
/* End PBXFrameworksBuildPhase section */

/* Begin PBXGroup section */
		33113A191B309AF000F87275 /* CustomViews */ = {
			isa = PBXGroup;
			children = (
				33113A1C1B309B3300F87275 /* TextBox.swift */,
				33BB11A71B35DD4B00F90F4C /* InputPopoverVC.swift */,
				3368AD321B31089800F7D9CA /* Segments.swift */,
				33F3D92E1B375B0400F5FE4D /* SimpleCheckbox.swift */,
				331672AF1B354AE400907980 /* OtherPlaces.swift */,
			);
			name = CustomViews;
			sourceTree = "<group>";
		};
		3368AD341B31140100F7D9CA /* Categories */ = {
			isa = PBXGroup;
			children = (
				3368AD361B31146200F7D9CA /* UISegmentedControl+Resize.h */,
				3368AD371B31146200F7D9CA /* UISegmentedControl+Resize.m */,
				3368AD351B31146100F7D9CA /* jajko-Bridging-Header.h */,
			);
			name = Categories;
			sourceTree = "<group>";
		};
		33731D361B31530F009814EE /* Extensions */ = {
			isa = PBXGroup;
			children = (
				33731D371B315328009814EE /* Extensions.swift */,
			);
			name = Extensions;
			sourceTree = "<group>";
		};
		33F133951B294D4400CED73C = {
			isa = PBXGroup;
			children = (
				33F133A01B294D4400CED73C /* jajko */,
				33F1339F1B294D4400CED73C /* Products */,
			);
			sourceTree = "<group>";
		};
		33F1339F1B294D4400CED73C /* Products */ = {
			isa = PBXGroup;
			children = (
				33F1339E1B294D4400CED73C /* jajko.app */,
			);
			name = Products;
			sourceTree = "<group>";
		};
		33F133A01B294D4400CED73C /* jajko */ = {
			isa = PBXGroup;
			children = (
				33F140861B39B83300D55770 /* Corpus */,
				33F3D93A1B37E0ED00F5FE4D /* SingletonsAndHelpers */,
				33F3D9391B37E0A100F5FE4D /* QuestionnaireControllers */,
				33F3D9301B376BAF00F5FE4D /* Assets */,
				33731D361B31530F009814EE /* Extensions */,
				3368AD341B31140100F7D9CA /* Categories */,
				33113A191B309AF000F87275 /* CustomViews */,
				33F133A31B294D4400CED73C /* AppDelegate.swift */,
				33F133A51B294D4400CED73C /* LoginViewController.swift */,
				33F3D93D1B37EEC500F5FE4D /* DashboardVC.swift */,
				33F133C71B29C53E00CED73C /* Main.storyboard */,
				33F133AA1B294D4500CED73C /* Images.xcassets */,
				33F133AC1B294D4500CED73C /* LaunchScreen.xib */,
				33F133A11B294D4400CED73C /* Supporting Files */,
			);
			path = jajko;
			sourceTree = "<group>";
		};
		33F133A11B294D4400CED73C /* Supporting Files */ = {
			isa = PBXGroup;
			children = (
				33F133A21B294D4400CED73C /* Info.plist */,
			);
			name = "Supporting Files";
			sourceTree = "<group>";
		};
		33F140861B39B83300D55770 /* Corpus */ = {
			isa = PBXGroup;
			children = (
				33F140871B39B85600D55770 /* Corpus.swift */,
			);
			name = Corpus;
			sourceTree = "<group>";
		};
		33F3D9301B376BAF00F5FE4D /* Assets */ = {
			isa = PBXGroup;
			children = (
				33F3D9311B376F5F00F5FE4D /* Consent.pdf */,
				33F140891B39C68400D55770 /* MinimalPairs.txt */,
			);
			name = Assets;
			sourceTree = "<group>";
		};
		33F3D9391B37E0A100F5FE4D /* QuestionnaireControllers */ = {
			isa = PBXGroup;
			children = (
				33BB11A91B3606C600F90F4C /* NotifyingNavigationController.swift */,
				33F3D92C1B37581800F5FE4D /* TermsViewController.swift */,
				33F133C31B29681800CED73C /* SignUp1ViewController.swift */,
				33F133CA1B2AAD4900CED73C /* SignUp2ViewController.swift */,
				335201BB1B2AADDC004718B0 /* SignUp3ViewController.swift */,
				335201BD1B2AAE05004718B0 /* SignUp4ViewController.swift */,
			);
			name = QuestionnaireControllers;
			sourceTree = "<group>";
		};
		33F3D93A1B37E0ED00F5FE4D /* SingletonsAndHelpers */ = {
			isa = PBXGroup;
			children = (
				33F3D93B1B37E16400F5FE4D /* Webservice.swift */,
				33731D321B3128D2009814EE /* ControlsConfig.swift */,
				33731D341B314B13009814EE /* LanguageHelper.swift */,
				331672AD1B33EA1000907980 /* CountryHelper.swift */,
				33F3D9371B378B8F00F5FE4D /* PromptManager.swift */,
			);
			name = SingletonsAndHelpers;
			sourceTree = "<group>";
		};
/* End PBXGroup section */

/* Begin PBXNativeTarget section */
		33F1339D1B294D4400CED73C /* jajko */ = {
			isa = PBXNativeTarget;
			buildConfigurationList = 33F133BD1B294D4500CED73C /* Build configuration list for PBXNativeTarget "jajko" */;
			buildPhases = (
				33F1339A1B294D4400CED73C /* Sources */,
				33F1339B1B294D4400CED73C /* Frameworks */,
				33F1339C1B294D4400CED73C /* Resources */,
			);
			buildRules = (
			);
			dependencies = (
			);
			name = jajko;
			productName = jajko;
			productReference = 33F1339E1B294D4400CED73C /* jajko.app */;
			productType = "com.apple.product-type.application";
		};
/* End PBXNativeTarget section */

/* Begin PBXProject section */
		33F133961B294D4400CED73C /* Project object */ = {
			isa = PBXProject;
			attributes = {
				LastUpgradeCheck = 0610;
				ORGANIZATIONNAME = transcriptics;
				TargetAttributes = {
					33F1339D1B294D4400CED73C = {
						CreatedOnToolsVersion = 6.1.1;
						DevelopmentTeam = KK9GR7E87Y;
					};
				};
			};
			buildConfigurationList = 33F133991B294D4400CED73C /* Build configuration list for PBXProject "jajko" */;
			compatibilityVersion = "Xcode 3.2";
			developmentRegion = English;
			hasScannedForEncodings = 0;
			knownRegions = (
				en,
				Base,
			);
			mainGroup = 33F133951B294D4400CED73C;
			productRefGroup = 33F1339F1B294D4400CED73C /* Products */;
			projectDirPath = "";
			projectRoot = "";
			targets = (
				33F1339D1B294D4400CED73C /* jajko */,
			);
		};
/* End PBXProject section */

/* Begin PBXResourcesBuildPhase section */
		33F1339C1B294D4400CED73C /* Resources */ = {
			isa = PBXResourcesBuildPhase;
			buildActionMask = 2147483647;
			files = (
				33F133C91B29C53E00CED73C /* Main.storyboard in Resources */,
				33F3D9321B376F5F00F5FE4D /* Consent.pdf in Resources */,
				33F133AE1B294D4500CED73C /* LaunchScreen.xib in Resources */,
				33F133AB1B294D4500CED73C /* Images.xcassets in Resources */,
				33F1408A1B39C68400D55770 /* MinimalPairs.txt in Resources */,
			);
			runOnlyForDeploymentPostprocessing = 0;
		};
/* End PBXResourcesBuildPhase section */

/* Begin PBXSourcesBuildPhase section */
		33F1339A1B294D4400CED73C /* Sources */ = {
			isa = PBXSourcesBuildPhase;
			buildActionMask = 2147483647;
			files = (
				331672B01B354AE400907980 /* OtherPlaces.swift in Sources */,
				33BB11AA1B3606C600F90F4C /* NotifyingNavigationController.swift in Sources */,
				33F133C41B29681800CED73C /* SignUp1ViewController.swift in Sources */,
				33F3D9381B378B8F00F5FE4D /* PromptManager.swift in Sources */,
				33731D331B3128D2009814EE /* ControlsConfig.swift in Sources */,
				331672AE1B33EA1000907980 /* CountryHelper.swift in Sources */,
				33731D351B314B13009814EE /* LanguageHelper.swift in Sources */,
				33F133CB1B2AAD4900CED73C /* SignUp2ViewController.swift in Sources */,
				33F133A61B294D4400CED73C /* LoginViewController.swift in Sources */,
				335201BE1B2AAE05004718B0 /* SignUp4ViewController.swift in Sources */,
				335201BC1B2AADDC004718B0 /* SignUp3ViewController.swift in Sources */,
				33BB11A81B35DD4B00F90F4C /* InputPopoverVC.swift in Sources */,
				33731D381B315328009814EE /* Extensions.swift in Sources */,
				33F3D92F1B375B0400F5FE4D /* SimpleCheckbox.swift in Sources */,
				3368AD381B31146200F7D9CA /* UISegmentedControl+Resize.m in Sources */,
				33F3D92D1B37581800F5FE4D /* TermsViewController.swift in Sources */,
				33F3D93E1B37EEC500F5FE4D /* DashboardVC.swift in Sources */,
				33113A1D1B309B3300F87275 /* TextBox.swift in Sources */,
				33F133A41B294D4400CED73C /* AppDelegate.swift in Sources */,
				33F140881B39B85600D55770 /* Corpus.swift in Sources */,
				33F3D93C1B37E16400F5FE4D /* Webservice.swift in Sources */,
				3368AD331B31089800F7D9CA /* Segments.swift in Sources */,
			);
			runOnlyForDeploymentPostprocessing = 0;
		};
/* End PBXSourcesBuildPhase section */

/* Begin PBXVariantGroup section */
		33F133AC1B294D4500CED73C /* LaunchScreen.xib */ = {
			isa = PBXVariantGroup;
			children = (
				33F133AD1B294D4500CED73C /* Base */,
			);
			name = LaunchScreen.xib;
			sourceTree = "<group>";
		};
		33F133C71B29C53E00CED73C /* Main.storyboard */ = {
			isa = PBXVariantGroup;
			children = (
				33F133C81B29C53E00CED73C /* Base */,
			);
			name = Main.storyboard;
			sourceTree = "<group>";
		};
/* End PBXVariantGroup section */

/* Begin XCBuildConfiguration section */
		33F133BB1B294D4500CED73C /* Debug */ = {
			isa = XCBuildConfiguration;
			buildSettings = {
				ALWAYS_SEARCH_USER_PATHS = NO;
				CLANG_CXX_LANGUAGE_STANDARD = "gnu++0x";
				CLANG_CXX_LIBRARY = "libc++";
				CLANG_ENABLE_MODULES = YES;
				CLANG_ENABLE_OBJC_ARC = YES;
				CLANG_WARN_BOOL_CONVERSION = YES;
				CLANG_WARN_CONSTANT_CONVERSION = YES;
				CLANG_WARN_DIRECT_OBJC_ISA_USAGE = YES_ERROR;
				CLANG_WARN_EMPTY_BODY = YES;
				CLANG_WARN_ENUM_CONVERSION = YES;
				CLANG_WARN_INT_CONVERSION = YES;
				CLANG_WARN_OBJC_ROOT_CLASS = YES_ERROR;
				CLANG_WARN_UNREACHABLE_CODE = YES;
				CLANG_WARN__DUPLICATE_METHOD_MATCH = YES;
				"CODE_SIGN_IDENTITY[sdk=iphoneos*]" = "iPhone Developer";
				COPY_PHASE_STRIP = NO;
				ENABLE_STRICT_OBJC_MSGSEND = YES;
				GCC_C_LANGUAGE_STANDARD = gnu99;
				GCC_DYNAMIC_NO_PIC = NO;
				GCC_OPTIMIZATION_LEVEL = 0;
				GCC_PREPROCESSOR_DEFINITIONS = (
					"DEBUG=1",
					"$(inherited)",
				);
				GCC_SYMBOLS_PRIVATE_EXTERN = NO;
				GCC_WARN_64_TO_32_BIT_CONVERSION = YES;
				GCC_WARN_ABOUT_RETURN_TYPE = YES_ERROR;
				GCC_WARN_UNDECLARED_SELECTOR = YES;
				GCC_WARN_UNINITIALIZED_AUTOS = YES_AGGRESSIVE;
				GCC_WARN_UNUSED_FUNCTION = YES;
				GCC_WARN_UNUSED_VARIABLE = YES;
				IPHONEOS_DEPLOYMENT_TARGET = 7.0;
				MTL_ENABLE_DEBUG_INFO = YES;
				ONLY_ACTIVE_ARCH = YES;
				SDKROOT = iphoneos;
				SWIFT_OPTIMIZATION_LEVEL = "-Onone";
				TARGETED_DEVICE_FAMILY = "1,2";
			};
			name = Debug;
		};
		33F133BC1B294D4500CED73C /* Release */ = {
			isa = XCBuildConfiguration;
			buildSettings = {
				ALWAYS_SEARCH_USER_PATHS = NO;
				CLANG_CXX_LANGUAGE_STANDARD = "gnu++0x";
				CLANG_CXX_LIBRARY = "libc++";
				CLANG_ENABLE_MODULES = YES;
				CLANG_ENABLE_OBJC_ARC = YES;
				CLANG_WARN_BOOL_CONVERSION = YES;
				CLANG_WARN_CONSTANT_CONVERSION = YES;
				CLANG_WARN_DIRECT_OBJC_ISA_USAGE = YES_ERROR;
				CLANG_WARN_EMPTY_BODY = YES;
				CLANG_WARN_ENUM_CONVERSION = YES;
				CLANG_WARN_INT_CONVERSION = YES;
				CLANG_WARN_OBJC_ROOT_CLASS = YES_ERROR;
				CLANG_WARN_UNREACHABLE_CODE = YES;
				CLANG_WARN__DUPLICATE_METHOD_MATCH = YES;
				"CODE_SIGN_IDENTITY[sdk=iphoneos*]" = "iPhone Developer";
				COPY_PHASE_STRIP = YES;
				ENABLE_NS_ASSERTIONS = NO;
				ENABLE_STRICT_OBJC_MSGSEND = YES;
				GCC_C_LANGUAGE_STANDARD = gnu99;
				GCC_WARN_64_TO_32_BIT_CONVERSION = YES;
				GCC_WARN_ABOUT_RETURN_TYPE = YES_ERROR;
				GCC_WARN_UNDECLARED_SELECTOR = YES;
				GCC_WARN_UNINITIALIZED_AUTOS = YES_AGGRESSIVE;
				GCC_WARN_UNUSED_FUNCTION = YES;
				GCC_WARN_UNUSED_VARIABLE = YES;
				IPHONEOS_DEPLOYMENT_TARGET = 7.0;
				MTL_ENABLE_DEBUG_INFO = NO;
				SDKROOT = iphoneos;
				TARGETED_DEVICE_FAMILY = "1,2";
				VALIDATE_PRODUCT = YES;
			};
			name = Release;
		};
		33F133BE1B294D4500CED73C /* Debug */ = {
			isa = XCBuildConfiguration;
			buildSettings = {
				ASSETCATALOG_COMPILER_APPICON_NAME = AppIcon;
				CLANG_ENABLE_MODULES = YES;
				CODE_SIGN_IDENTITY = "iPhone Developer";
				"CODE_SIGN_IDENTITY[sdk=iphoneos*]" = "iPhone Developer";
				INFOPLIST_FILE = jajko/Info.plist;
				IPHONEOS_DEPLOYMENT_TARGET = 7.1;
				LD_RUNPATH_SEARCH_PATHS = "$(inherited) @executable_path/Frameworks";
				PRODUCT_NAME = "$(TARGET_NAME)";
				PROVISIONING_PROFILE = "";
				SWIFT_OBJC_BRIDGING_HEADER = "jajko/jajko-Bridging-Header.h";
				SWIFT_OPTIMIZATION_LEVEL = "-Onone";
			};
			name = Debug;
		};
		33F133BF1B294D4500CED73C /* Release */ = {
			isa = XCBuildConfiguration;
			buildSettings = {
				ASSETCATALOG_COMPILER_APPICON_NAME = AppIcon;
				CLANG_ENABLE_MODULES = YES;
				CODE_SIGN_IDENTITY = "iPhone Developer";
				"CODE_SIGN_IDENTITY[sdk=iphoneos*]" = "iPhone Developer";
				INFOPLIST_FILE = jajko/Info.plist;
				IPHONEOS_DEPLOYMENT_TARGET = 7.1;
				LD_RUNPATH_SEARCH_PATHS = "$(inherited) @executable_path/Frameworks";
				PRODUCT_NAME = "$(TARGET_NAME)";
				PROVISIONING_PROFILE = "";
				SWIFT_OBJC_BRIDGING_HEADER = "jajko/jajko-Bridging-Header.h";
			};
			name = Release;
		};
/* End XCBuildConfiguration section */

/* Begin XCConfigurationList section */
		33F133991B294D4400CED73C /* Build configuration list for PBXProject "jajko" */ = {
			isa = XCConfigurationList;
			buildConfigurations = (
				33F133BB1B294D4500CED73C /* Debug */,
				33F133BC1B294D4500CED73C /* Release */,
			);
			defaultConfigurationIsVisible = 0;
			defaultConfigurationName = Release;
		};
		33F133BD1B294D4500CED73C /* Build configuration list for PBXNativeTarget "jajko" */ = {
			isa = XCConfigurationList;
			buildConfigurations = (
				33F133BE1B294D4500CED73C /* Debug */,
				33F133BF1B294D4500CED73C /* Release */,
			);
			defaultConfigurationIsVisible = 0;
			defaultConfigurationName = Release;
		};
/* End XCConfigurationList section */
	};
	rootObject = 33F133961B294D4400CED73C /* Project object */;
}
